
Microsoft Visual Studio Solution File, Format Version 12.00
# Visual Studio 15
VisualStudioVersion = 15.0.27130.2027
MinimumVisualStudioVersion = 10.0.40219.1
Project("{9A19103F-16F7-4668-BE54-9A1E7A4F7556}") = "Basic_Inheritance", "Basic_Inheritance\Basic_Inheritance.csproj", "{39982286-966F-4F59-90BB-AB5ADB19C3B2}"
EndProject
Project("{FAE04EC0-301F-11D3-BF4B-00C04F79EFBC}") = "Constructors", "Constructors\Constructors.csproj", "{8AD88A0C-8C4E-443B-AF5E-F7B4B178A7A0}"
EndProject
Global
	GlobalSection(SolutionConfigurationPlatforms) = preSolution
		Debug|Any CPU = Debug|Any CPU
		Release|Any CPU = Release|Any CPU
	EndGlobalSection
	GlobalSection(ProjectConfigurationPlatforms) = postSolution
		{39982286-966F-4F59-90BB-AB5ADB19C3B2}.Debug|Any CPU.ActiveCfg = Debug|Any CPU
		{39982286-966F-4F59-90BB-AB5ADB19C3B2}.Debug|Any CPU.Build.0 = Debug|Any CPU
		{39982286-966F-4F59-90BB-AB5ADB19C3B2}.Release|Any CPU.ActiveCfg = Release|Any CPU
		{39982286-966F-4F59-90BB-AB5ADB19C3B2}.Release|Any CPU.Build.0 = Release|Any CPU
		{8AD88A0C-8C4E-443B-AF5E-F7B4B178A7A0}.Debug|Any CPU.ActiveCfg = Debug|Any CPU
		{8AD88A0C-8C4E-443B-AF5E-F7B4B178A7A0}.Debug|Any CPU.Build.0 = Debug|Any CPU
		{8AD88A0C-8C4E-443B-AF5E-F7B4B178A7A0}.Release|Any CPU.ActiveCfg = Release|Any CPU
		{8AD88A0C-8C4E-443B-AF5E-F7B4B178A7A0}.Release|Any CPU.Build.0 = Release|Any CPU
	EndGlobalSection
	GlobalSection(SolutionProperties) = preSolution
		HideSolutionNode = FALSE
	EndGlobalSection
	GlobalSection(ExtensibilityGlobals) = postSolution
		SolutionGuid = {02B2C185-C654-40B7-B48E-6A4BD1DA97EF}
	EndGlobalSection
EndGlobal
