
Microsoft Visual Studio Solution File, Format Version 12.00
# Visual Studio 15
VisualStudioVersion = 15.0.28307.136
MinimumVisualStudioVersion = 10.0.40219.1
Project("{FAE04EC0-301F-11D3-BF4B-00C04F79EFBC}") = "01.Stealer", "01.Stealer\01.Stealer.csproj", "{F39839A8-05B3-49AE-A774-4AFAF336213F}"
EndProject
Project("{FAE04EC0-301F-11D3-BF4B-00C04F79EFBC}") = "02.HighQualityMistakes", "02.HighQualityMistakes\02.HighQualityMistakes.csproj", "{FC82B1EC-9CED-430D-8DC1-3C9DBCECF590}"
EndProject
Project("{FAE04EC0-301F-11D3-BF4B-00C04F79EFBC}") = "04.Collector", "04.Collector\04.Collector.csproj", "{619226CA-1347-4719-AEB4-4AAA37EB9FC0}"
EndProject
Project("{FAE04EC0-301F-11D3-BF4B-00C04F79EFBC}") = "03.MissionPrivateImpossible", "03.MissionPrivateImpossible\03.MissionPrivateImpossible.csproj", "{2769EA50-27C0-4FE4-9095-E3E66FA8E424}"
EndProject
Global
	GlobalSection(SolutionConfigurationPlatforms) = preSolution
		Debug|Any CPU = Debug|Any CPU
		Release|Any CPU = Release|Any CPU
	EndGlobalSection
	GlobalSection(ProjectConfigurationPlatforms) = postSolution
		{F39839A8-05B3-49AE-A774-4AFAF336213F}.Debug|Any CPU.ActiveCfg = Debug|Any CPU
		{F39839A8-05B3-49AE-A774-4AFAF336213F}.Debug|Any CPU.Build.0 = Debug|Any CPU
		{F39839A8-05B3-49AE-A774-4AFAF336213F}.Release|Any CPU.ActiveCfg = Release|Any CPU
		{F39839A8-05B3-49AE-A774-4AFAF336213F}.Release|Any CPU.Build.0 = Release|Any CPU
		{FC82B1EC-9CED-430D-8DC1-3C9DBCECF590}.Debug|Any CPU.ActiveCfg = Debug|Any CPU
		{FC82B1EC-9CED-430D-8DC1-3C9DBCECF590}.Debug|Any CPU.Build.0 = Debug|Any CPU
		{FC82B1EC-9CED-430D-8DC1-3C9DBCECF590}.Release|Any CPU.ActiveCfg = Release|Any CPU
		{FC82B1EC-9CED-430D-8DC1-3C9DBCECF590}.Release|Any CPU.Build.0 = Release|Any CPU
		{619226CA-1347-4719-AEB4-4AAA37EB9FC0}.Debug|Any CPU.ActiveCfg = Debug|Any CPU
		{619226CA-1347-4719-AEB4-4AAA37EB9FC0}.Debug|Any CPU.Build.0 = Debug|Any CPU
		{619226CA-1347-4719-AEB4-4AAA37EB9FC0}.Release|Any CPU.ActiveCfg = Release|Any CPU
		{619226CA-1347-4719-AEB4-4AAA37EB9FC0}.Release|Any CPU.Build.0 = Release|Any CPU
		{2769EA50-27C0-4FE4-9095-E3E66FA8E424}.Debug|Any CPU.ActiveCfg = Debug|Any CPU
		{2769EA50-27C0-4FE4-9095-E3E66FA8E424}.Debug|Any CPU.Build.0 = Debug|Any CPU
		{2769EA50-27C0-4FE4-9095-E3E66FA8E424}.Release|Any CPU.ActiveCfg = Release|Any CPU
		{2769EA50-27C0-4FE4-9095-E3E66FA8E424}.Release|Any CPU.Build.0 = Release|Any CPU
	EndGlobalSection
	GlobalSection(SolutionProperties) = preSolution
		HideSolutionNode = FALSE
	EndGlobalSection
	GlobalSection(ExtensibilityGlobals) = postSolution
		SolutionGuid = {FD8C043F-192D-450A-8253-4715A093B4CB}
	EndGlobalSection
EndGlobal
