
Microsoft Visual Studio Solution File, Format Version 12.00
# Visual Studio 15
VisualStudioVersion = 15.0.28307.136
MinimumVisualStudioVersion = 10.0.40219.1
Project("{9A19103F-16F7-4668-BE54-9A1E7A4F7556}") = "TheTankGame", "TheTankGame\TheTankGame.csproj", "{62FB0428-71CD-4DAA-8B7E-7E0B1EFB2272}"
EndProject
Project("{9A19103F-16F7-4668-BE54-9A1E7A4F7556}") = "TheTankGame.Tests", "TheTankGame.Tests\TheTankGame.Tests.csproj", "{0EF565A3-33F5-4724-97B1-BA148EC6ECB1}"
EndProject
Global
	GlobalSection(SolutionConfigurationPlatforms) = preSolution
		Debug|Any CPU = Debug|Any CPU
		Release|Any CPU = Release|Any CPU
	EndGlobalSection
	GlobalSection(ProjectConfigurationPlatforms) = postSolution
		{62FB0428-71CD-4DAA-8B7E-7E0B1EFB2272}.Debug|Any CPU.ActiveCfg = Debug|Any CPU
		{62FB0428-71CD-4DAA-8B7E-7E0B1EFB2272}.Debug|Any CPU.Build.0 = Debug|Any CPU
		{62FB0428-71CD-4DAA-8B7E-7E0B1EFB2272}.Release|Any CPU.ActiveCfg = Release|Any CPU
		{62FB0428-71CD-4DAA-8B7E-7E0B1EFB2272}.Release|Any CPU.Build.0 = Release|Any CPU
		{0EF565A3-33F5-4724-97B1-BA148EC6ECB1}.Debug|Any CPU.ActiveCfg = Debug|Any CPU
		{0EF565A3-33F5-4724-97B1-BA148EC6ECB1}.Debug|Any CPU.Build.0 = Debug|Any CPU
		{0EF565A3-33F5-4724-97B1-BA148EC6ECB1}.Release|Any CPU.ActiveCfg = Release|Any CPU
		{0EF565A3-33F5-4724-97B1-BA148EC6ECB1}.Release|Any CPU.Build.0 = Release|Any CPU
	EndGlobalSection
	GlobalSection(SolutionProperties) = preSolution
		HideSolutionNode = FALSE
	EndGlobalSection
	GlobalSection(ExtensibilityGlobals) = postSolution
		SolutionGuid = {F65D3FDD-03A3-4582-826C-B04BB209101D}
	EndGlobalSection
EndGlobal
