
Microsoft Visual Studio Solution File, Format Version 12.00
# Visual Studio 15
VisualStudioVersion = 15.0.27130.2027
MinimumVisualStudioVersion = 10.0.40219.1
Project("{9A19103F-16F7-4668-BE54-9A1E7A4F7556}") = "01.ClassBox", "01.ClassBox\01.ClassBox.csproj", "{6D89895E-2530-4043-B281-C662404BC8AC}"
EndProject
Project("{9A19103F-16F7-4668-BE54-9A1E7A4F7556}") = "02.ClassBoxDataValidation", "02.ClassBoxDataValidation\02.ClassBoxDataValidation.csproj", "{33FA043B-EBB7-4D22-83B6-AE15F089233C}"
EndProject
Project("{9A19103F-16F7-4668-BE54-9A1E7A4F7556}") = "04.ShoppingSpree", "04.ShoppingSpree\04.ShoppingSpree.csproj", "{006DE7D5-79F2-4140-B5D0-064FBF84BF31}"
EndProject
Project("{FAE04EC0-301F-11D3-BF4B-00C04F79EFBC}") = "06.FootballTeamGenerator", "06.FootballTeamGenerator\06.FootballTeamGenerator.csproj", "{CD51471A-538C-4B3D-A6C5-8FBCF982F8DA}"
EndProject
Global
	GlobalSection(SolutionConfigurationPlatforms) = preSolution
		Debug|Any CPU = Debug|Any CPU
		Release|Any CPU = Release|Any CPU
	EndGlobalSection
	GlobalSection(ProjectConfigurationPlatforms) = postSolution
		{6D89895E-2530-4043-B281-C662404BC8AC}.Debug|Any CPU.ActiveCfg = Debug|Any CPU
		{6D89895E-2530-4043-B281-C662404BC8AC}.Debug|Any CPU.Build.0 = Debug|Any CPU
		{6D89895E-2530-4043-B281-C662404BC8AC}.Release|Any CPU.ActiveCfg = Release|Any CPU
		{6D89895E-2530-4043-B281-C662404BC8AC}.Release|Any CPU.Build.0 = Release|Any CPU
		{33FA043B-EBB7-4D22-83B6-AE15F089233C}.Debug|Any CPU.ActiveCfg = Debug|Any CPU
		{33FA043B-EBB7-4D22-83B6-AE15F089233C}.Debug|Any CPU.Build.0 = Debug|Any CPU
		{33FA043B-EBB7-4D22-83B6-AE15F089233C}.Release|Any CPU.ActiveCfg = Release|Any CPU
		{33FA043B-EBB7-4D22-83B6-AE15F089233C}.Release|Any CPU.Build.0 = Release|Any CPU
		{006DE7D5-79F2-4140-B5D0-064FBF84BF31}.Debug|Any CPU.ActiveCfg = Debug|Any CPU
		{006DE7D5-79F2-4140-B5D0-064FBF84BF31}.Debug|Any CPU.Build.0 = Debug|Any CPU
		{006DE7D5-79F2-4140-B5D0-064FBF84BF31}.Release|Any CPU.ActiveCfg = Release|Any CPU
		{006DE7D5-79F2-4140-B5D0-064FBF84BF31}.Release|Any CPU.Build.0 = Release|Any CPU
		{CD51471A-538C-4B3D-A6C5-8FBCF982F8DA}.Debug|Any CPU.ActiveCfg = Debug|Any CPU
		{CD51471A-538C-4B3D-A6C5-8FBCF982F8DA}.Debug|Any CPU.Build.0 = Debug|Any CPU
		{CD51471A-538C-4B3D-A6C5-8FBCF982F8DA}.Release|Any CPU.ActiveCfg = Release|Any CPU
		{CD51471A-538C-4B3D-A6C5-8FBCF982F8DA}.Release|Any CPU.Build.0 = Release|Any CPU
	EndGlobalSection
	GlobalSection(SolutionProperties) = preSolution
		HideSolutionNode = FALSE
	EndGlobalSection
	GlobalSection(ExtensibilityGlobals) = postSolution
		SolutionGuid = {E5D9DC2C-5B87-48CF-B2B1-A3C437BE3E22}
	EndGlobalSection
EndGlobal
