
Microsoft Visual Studio Solution File, Format Version 12.00
# Visual Studio 15
VisualStudioVersion = 15.0.27130.2027
MinimumVisualStudioVersion = 10.0.40219.1
Project("{9A19103F-16F7-4668-BE54-9A1E7A4F7556}") = "01.BunkerBuster", "01.BunkerBuster\01.BunkerBuster.csproj", "{D5025CF7-78AF-4B2B-9E14-DAC3F1B24ECA}"
EndProject
Project("{9A19103F-16F7-4668-BE54-9A1E7A4F7556}") = "03.RageQuit", "03.RageQuit\03.RageQuit.csproj", "{34DEC81A-D662-49FC-8886-1759CA09DD9B}"
EndProject
Project("{FAE04EC0-301F-11D3-BF4B-00C04F79EFBC}") = "04.PopulationCounter", "04.PopulationCounter\04.PopulationCounter.csproj", "{B8BCA58F-A8A2-48E7-8AA1-FAD8D014590B}"
EndProject
Global
	GlobalSection(SolutionConfigurationPlatforms) = preSolution
		Debug|Any CPU = Debug|Any CPU
		Release|Any CPU = Release|Any CPU
	EndGlobalSection
	GlobalSection(ProjectConfigurationPlatforms) = postSolution
		{D5025CF7-78AF-4B2B-9E14-DAC3F1B24ECA}.Debug|Any CPU.ActiveCfg = Debug|Any CPU
		{D5025CF7-78AF-4B2B-9E14-DAC3F1B24ECA}.Debug|Any CPU.Build.0 = Debug|Any CPU
		{D5025CF7-78AF-4B2B-9E14-DAC3F1B24ECA}.Release|Any CPU.ActiveCfg = Release|Any CPU
		{D5025CF7-78AF-4B2B-9E14-DAC3F1B24ECA}.Release|Any CPU.Build.0 = Release|Any CPU
		{34DEC81A-D662-49FC-8886-1759CA09DD9B}.Debug|Any CPU.ActiveCfg = Debug|Any CPU
		{34DEC81A-D662-49FC-8886-1759CA09DD9B}.Debug|Any CPU.Build.0 = Debug|Any CPU
		{34DEC81A-D662-49FC-8886-1759CA09DD9B}.Release|Any CPU.ActiveCfg = Release|Any CPU
		{34DEC81A-D662-49FC-8886-1759CA09DD9B}.Release|Any CPU.Build.0 = Release|Any CPU
		{B8BCA58F-A8A2-48E7-8AA1-FAD8D014590B}.Debug|Any CPU.ActiveCfg = Debug|Any CPU
		{B8BCA58F-A8A2-48E7-8AA1-FAD8D014590B}.Debug|Any CPU.Build.0 = Debug|Any CPU
		{B8BCA58F-A8A2-48E7-8AA1-FAD8D014590B}.Release|Any CPU.ActiveCfg = Release|Any CPU
		{B8BCA58F-A8A2-48E7-8AA1-FAD8D014590B}.Release|Any CPU.Build.0 = Release|Any CPU
	EndGlobalSection
	GlobalSection(SolutionProperties) = preSolution
		HideSolutionNode = FALSE
	EndGlobalSection
	GlobalSection(ExtensibilityGlobals) = postSolution
		SolutionGuid = {27447986-60B9-44E7-855B-1CBD02E68C64}
	EndGlobalSection
EndGlobal
