
Microsoft Visual Studio Solution File, Format Version 12.00
# Visual Studio 15
VisualStudioVersion = 15.0.27130.2027
MinimumVisualStudioVersion = 10.0.40219.1
Project("{9A19103F-16F7-4668-BE54-9A1E7A4F7556}") = "03.Stack", "03.Stack\03.Stack.csproj", "{1CC7C4FD-B431-4EAD-B125-F04F71EC7F39}"
EndProject
Project("{9A19103F-16F7-4668-BE54-9A1E7A4F7556}") = "04.Froggy", "04.Froggy\04.Froggy.csproj", "{9B81CB82-6CCE-4E91-BED0-21B8807986BE}"
EndProject
Project("{9A19103F-16F7-4668-BE54-9A1E7A4F7556}") = "05.ComparingObjects", "05.ComparingObjects\05.ComparingObjects.csproj", "{DAC0C514-4E63-4A28-B3A5-2D16EC8A721E}"
EndProject
Project("{9A19103F-16F7-4668-BE54-9A1E7A4F7556}") = "06.StrategyPattern", "06.StrategyPattern\06.StrategyPattern.csproj", "{030B974A-3169-44AF-8C68-F984EEC7FC25}"
EndProject
Project("{9A19103F-16F7-4668-BE54-9A1E7A4F7556}") = "07.EqualityLogic", "07.EqualityLogic\07.EqualityLogic.csproj", "{E3222439-B7D1-48AB-8C9B-4119FF2076C5}"
EndProject
Project("{9A19103F-16F7-4668-BE54-9A1E7A4F7556}") = "08.PetClinic", "08.PetClinic\08.PetClinic.csproj", "{4DA73A10-4C19-42D3-B494-01D47DB20B41}"
EndProject
Project("{FAE04EC0-301F-11D3-BF4B-00C04F79EFBC}") = "01.ListyIterator", "01.ListyIterator\01.ListyIterator.csproj", "{4A038AF2-09E2-4DC2-978A-B0D840F4642F}"
EndProject
Project("{FAE04EC0-301F-11D3-BF4B-00C04F79EFBC}") = "00.TRY_8", "00.TRY_8\00.TRY_8.csproj", "{F79620D7-84E3-4196-A264-E39C1A196119}"
EndProject
Global
	GlobalSection(SolutionConfigurationPlatforms) = preSolution
		Debug|Any CPU = Debug|Any CPU
		Release|Any CPU = Release|Any CPU
	EndGlobalSection
	GlobalSection(ProjectConfigurationPlatforms) = postSolution
		{1CC7C4FD-B431-4EAD-B125-F04F71EC7F39}.Debug|Any CPU.ActiveCfg = Debug|Any CPU
		{1CC7C4FD-B431-4EAD-B125-F04F71EC7F39}.Debug|Any CPU.Build.0 = Debug|Any CPU
		{1CC7C4FD-B431-4EAD-B125-F04F71EC7F39}.Release|Any CPU.ActiveCfg = Release|Any CPU
		{1CC7C4FD-B431-4EAD-B125-F04F71EC7F39}.Release|Any CPU.Build.0 = Release|Any CPU
		{9B81CB82-6CCE-4E91-BED0-21B8807986BE}.Debug|Any CPU.ActiveCfg = Debug|Any CPU
		{9B81CB82-6CCE-4E91-BED0-21B8807986BE}.Debug|Any CPU.Build.0 = Debug|Any CPU
		{9B81CB82-6CCE-4E91-BED0-21B8807986BE}.Release|Any CPU.ActiveCfg = Release|Any CPU
		{9B81CB82-6CCE-4E91-BED0-21B8807986BE}.Release|Any CPU.Build.0 = Release|Any CPU
		{DAC0C514-4E63-4A28-B3A5-2D16EC8A721E}.Debug|Any CPU.ActiveCfg = Debug|Any CPU
		{DAC0C514-4E63-4A28-B3A5-2D16EC8A721E}.Debug|Any CPU.Build.0 = Debug|Any CPU
		{DAC0C514-4E63-4A28-B3A5-2D16EC8A721E}.Release|Any CPU.ActiveCfg = Release|Any CPU
		{DAC0C514-4E63-4A28-B3A5-2D16EC8A721E}.Release|Any CPU.Build.0 = Release|Any CPU
		{030B974A-3169-44AF-8C68-F984EEC7FC25}.Debug|Any CPU.ActiveCfg = Debug|Any CPU
		{030B974A-3169-44AF-8C68-F984EEC7FC25}.Debug|Any CPU.Build.0 = Debug|Any CPU
		{030B974A-3169-44AF-8C68-F984EEC7FC25}.Release|Any CPU.ActiveCfg = Release|Any CPU
		{030B974A-3169-44AF-8C68-F984EEC7FC25}.Release|Any CPU.Build.0 = Release|Any CPU
		{E3222439-B7D1-48AB-8C9B-4119FF2076C5}.Debug|Any CPU.ActiveCfg = Debug|Any CPU
		{E3222439-B7D1-48AB-8C9B-4119FF2076C5}.Debug|Any CPU.Build.0 = Debug|Any CPU
		{E3222439-B7D1-48AB-8C9B-4119FF2076C5}.Release|Any CPU.ActiveCfg = Release|Any CPU
		{E3222439-B7D1-48AB-8C9B-4119FF2076C5}.Release|Any CPU.Build.0 = Release|Any CPU
		{4DA73A10-4C19-42D3-B494-01D47DB20B41}.Debug|Any CPU.ActiveCfg = Debug|Any CPU
		{4DA73A10-4C19-42D3-B494-01D47DB20B41}.Debug|Any CPU.Build.0 = Debug|Any CPU
		{4DA73A10-4C19-42D3-B494-01D47DB20B41}.Release|Any CPU.ActiveCfg = Release|Any CPU
		{4DA73A10-4C19-42D3-B494-01D47DB20B41}.Release|Any CPU.Build.0 = Release|Any CPU
		{4A038AF2-09E2-4DC2-978A-B0D840F4642F}.Debug|Any CPU.ActiveCfg = Debug|Any CPU
		{4A038AF2-09E2-4DC2-978A-B0D840F4642F}.Debug|Any CPU.Build.0 = Debug|Any CPU
		{4A038AF2-09E2-4DC2-978A-B0D840F4642F}.Release|Any CPU.ActiveCfg = Release|Any CPU
		{4A038AF2-09E2-4DC2-978A-B0D840F4642F}.Release|Any CPU.Build.0 = Release|Any CPU
		{F79620D7-84E3-4196-A264-E39C1A196119}.Debug|Any CPU.ActiveCfg = Debug|Any CPU
		{F79620D7-84E3-4196-A264-E39C1A196119}.Debug|Any CPU.Build.0 = Debug|Any CPU
		{F79620D7-84E3-4196-A264-E39C1A196119}.Release|Any CPU.ActiveCfg = Release|Any CPU
		{F79620D7-84E3-4196-A264-E39C1A196119}.Release|Any CPU.Build.0 = Release|Any CPU
	EndGlobalSection
	GlobalSection(SolutionProperties) = preSolution
		HideSolutionNode = FALSE
	EndGlobalSection
	GlobalSection(ExtensibilityGlobals) = postSolution
		SolutionGuid = {D32260F9-650C-44A5-9009-A091CFEB2DB8}
	EndGlobalSection
EndGlobal
