
Microsoft Visual Studio Solution File, Format Version 12.00
# Visual Studio 15
VisualStudioVersion = 15.0.27130.2027
MinimumVisualStudioVersion = 10.0.40219.1
Project("{9A19103F-16F7-4668-BE54-9A1E7A4F7556}") = "01.MatrixOfPalindromes", "01.MatrixOfPalindromes\01.MatrixOfPalindromes.csproj", "{E0B64812-D976-4057-8207-0B089B6216D1}"
EndProject
Project("{9A19103F-16F7-4668-BE54-9A1E7A4F7556}") = "06.TargetPractice", "06.TargetPractice\06.TargetPractice.csproj", "{FE99B389-F22D-460B-9E18-F4F45629BDCB}"
EndProject
Project("{9A19103F-16F7-4668-BE54-9A1E7A4F7556}") = "00.TRY", "00.TRY\00.TRY.csproj", "{3166E89A-0901-4EA7-839A-EA256DF5FE30}"
EndProject
Project("{9A19103F-16F7-4668-BE54-9A1E7A4F7556}") = "09.Crossfire", "09.Crossfire\09.Crossfire.csproj", "{7CB2BB4D-3AE5-44D9-AEE7-18D9D6BB0093}"
EndProject
Project("{9A19103F-16F7-4668-BE54-9A1E7A4F7556}") = "0000.TRY", "0000.TRY\0000.TRY.csproj", "{460B43F3-8962-461F-9AD4-1A8DB2EE7821}"
EndProject
Project("{9A19103F-16F7-4668-BE54-9A1E7A4F7556}") = "01.MatrixOfPalindromes_2", "01.MatrixOfPalindromes_2\01.MatrixOfPalindromes_2.csproj", "{09DB92B5-D69B-4F0B-A788-E4E56E8320F8}"
EndProject
Project("{9A19103F-16F7-4668-BE54-9A1E7A4F7556}") = "03.SquaresInMatrix", "03.SquaresInMatrix\03.SquaresInMatrix.csproj", "{D7E3B9D2-7D1F-4935-8C2D-7C25DC58A702}"
EndProject
Project("{9A19103F-16F7-4668-BE54-9A1E7A4F7556}") = "04.MaximalSum", "04.MaximalSum\04.MaximalSum.csproj", "{1ACE0C63-B72E-43C4-B0B8-0538AFF1FFEE}"
EndProject
Project("{9A19103F-16F7-4668-BE54-9A1E7A4F7556}") = "05.RubiksMatrix", "05.RubiksMatrix\05.RubiksMatrix.csproj", "{5649476D-8D32-4DF4-B310-EF997A3B3927}"
EndProject
Project("{9A19103F-16F7-4668-BE54-9A1E7A4F7556}") = "02.DiagonalDifference", "02.DiagonalDifference\02.DiagonalDifference.csproj", "{E3882970-ABD8-49A1-BDFD-B13398CA2372}"
EndProject
Project("{FAE04EC0-301F-11D3-BF4B-00C04F79EFBC}") = "06.TargetPractice_2", "06.TargetPractice_2\06.TargetPractice_2.csproj", "{81557D48-DE1D-4043-A66F-F926D22EE960}"
EndProject
Global
	GlobalSection(SolutionConfigurationPlatforms) = preSolution
		Debug|Any CPU = Debug|Any CPU
		Release|Any CPU = Release|Any CPU
	EndGlobalSection
	GlobalSection(ProjectConfigurationPlatforms) = postSolution
		{E0B64812-D976-4057-8207-0B089B6216D1}.Debug|Any CPU.ActiveCfg = Debug|Any CPU
		{E0B64812-D976-4057-8207-0B089B6216D1}.Debug|Any CPU.Build.0 = Debug|Any CPU
		{E0B64812-D976-4057-8207-0B089B6216D1}.Release|Any CPU.ActiveCfg = Release|Any CPU
		{E0B64812-D976-4057-8207-0B089B6216D1}.Release|Any CPU.Build.0 = Release|Any CPU
		{FE99B389-F22D-460B-9E18-F4F45629BDCB}.Debug|Any CPU.ActiveCfg = Debug|Any CPU
		{FE99B389-F22D-460B-9E18-F4F45629BDCB}.Debug|Any CPU.Build.0 = Debug|Any CPU
		{FE99B389-F22D-460B-9E18-F4F45629BDCB}.Release|Any CPU.ActiveCfg = Release|Any CPU
		{FE99B389-F22D-460B-9E18-F4F45629BDCB}.Release|Any CPU.Build.0 = Release|Any CPU
		{3166E89A-0901-4EA7-839A-EA256DF5FE30}.Debug|Any CPU.ActiveCfg = Debug|Any CPU
		{3166E89A-0901-4EA7-839A-EA256DF5FE30}.Debug|Any CPU.Build.0 = Debug|Any CPU
		{3166E89A-0901-4EA7-839A-EA256DF5FE30}.Release|Any CPU.ActiveCfg = Release|Any CPU
		{3166E89A-0901-4EA7-839A-EA256DF5FE30}.Release|Any CPU.Build.0 = Release|Any CPU
		{7CB2BB4D-3AE5-44D9-AEE7-18D9D6BB0093}.Debug|Any CPU.ActiveCfg = Debug|Any CPU
		{7CB2BB4D-3AE5-44D9-AEE7-18D9D6BB0093}.Debug|Any CPU.Build.0 = Debug|Any CPU
		{7CB2BB4D-3AE5-44D9-AEE7-18D9D6BB0093}.Release|Any CPU.ActiveCfg = Release|Any CPU
		{7CB2BB4D-3AE5-44D9-AEE7-18D9D6BB0093}.Release|Any CPU.Build.0 = Release|Any CPU
		{460B43F3-8962-461F-9AD4-1A8DB2EE7821}.Debug|Any CPU.ActiveCfg = Debug|Any CPU
		{460B43F3-8962-461F-9AD4-1A8DB2EE7821}.Debug|Any CPU.Build.0 = Debug|Any CPU
		{460B43F3-8962-461F-9AD4-1A8DB2EE7821}.Release|Any CPU.ActiveCfg = Release|Any CPU
		{460B43F3-8962-461F-9AD4-1A8DB2EE7821}.Release|Any CPU.Build.0 = Release|Any CPU
		{09DB92B5-D69B-4F0B-A788-E4E56E8320F8}.Debug|Any CPU.ActiveCfg = Debug|Any CPU
		{09DB92B5-D69B-4F0B-A788-E4E56E8320F8}.Debug|Any CPU.Build.0 = Debug|Any CPU
		{09DB92B5-D69B-4F0B-A788-E4E56E8320F8}.Release|Any CPU.ActiveCfg = Release|Any CPU
		{09DB92B5-D69B-4F0B-A788-E4E56E8320F8}.Release|Any CPU.Build.0 = Release|Any CPU
		{D7E3B9D2-7D1F-4935-8C2D-7C25DC58A702}.Debug|Any CPU.ActiveCfg = Debug|Any CPU
		{D7E3B9D2-7D1F-4935-8C2D-7C25DC58A702}.Debug|Any CPU.Build.0 = Debug|Any CPU
		{D7E3B9D2-7D1F-4935-8C2D-7C25DC58A702}.Release|Any CPU.ActiveCfg = Release|Any CPU
		{D7E3B9D2-7D1F-4935-8C2D-7C25DC58A702}.Release|Any CPU.Build.0 = Release|Any CPU
		{1ACE0C63-B72E-43C4-B0B8-0538AFF1FFEE}.Debug|Any CPU.ActiveCfg = Debug|Any CPU
		{1ACE0C63-B72E-43C4-B0B8-0538AFF1FFEE}.Debug|Any CPU.Build.0 = Debug|Any CPU
		{1ACE0C63-B72E-43C4-B0B8-0538AFF1FFEE}.Release|Any CPU.ActiveCfg = Release|Any CPU
		{1ACE0C63-B72E-43C4-B0B8-0538AFF1FFEE}.Release|Any CPU.Build.0 = Release|Any CPU
		{5649476D-8D32-4DF4-B310-EF997A3B3927}.Debug|Any CPU.ActiveCfg = Debug|Any CPU
		{5649476D-8D32-4DF4-B310-EF997A3B3927}.Debug|Any CPU.Build.0 = Debug|Any CPU
		{5649476D-8D32-4DF4-B310-EF997A3B3927}.Release|Any CPU.ActiveCfg = Release|Any CPU
		{5649476D-8D32-4DF4-B310-EF997A3B3927}.Release|Any CPU.Build.0 = Release|Any CPU
		{E3882970-ABD8-49A1-BDFD-B13398CA2372}.Debug|Any CPU.ActiveCfg = Debug|Any CPU
		{E3882970-ABD8-49A1-BDFD-B13398CA2372}.Debug|Any CPU.Build.0 = Debug|Any CPU
		{E3882970-ABD8-49A1-BDFD-B13398CA2372}.Release|Any CPU.ActiveCfg = Release|Any CPU
		{E3882970-ABD8-49A1-BDFD-B13398CA2372}.Release|Any CPU.Build.0 = Release|Any CPU
		{81557D48-DE1D-4043-A66F-F926D22EE960}.Debug|Any CPU.ActiveCfg = Debug|Any CPU
		{81557D48-DE1D-4043-A66F-F926D22EE960}.Debug|Any CPU.Build.0 = Debug|Any CPU
		{81557D48-DE1D-4043-A66F-F926D22EE960}.Release|Any CPU.ActiveCfg = Release|Any CPU
		{81557D48-DE1D-4043-A66F-F926D22EE960}.Release|Any CPU.Build.0 = Release|Any CPU
	EndGlobalSection
	GlobalSection(SolutionProperties) = preSolution
		HideSolutionNode = FALSE
	EndGlobalSection
	GlobalSection(ExtensibilityGlobals) = postSolution
		SolutionGuid = {B777CD5C-FE9E-424A-9630-EA26C37D102C}
	EndGlobalSection
EndGlobal
