
Microsoft Visual Studio Solution File, Format Version 12.00
# Visual Studio 15
VisualStudioVersion = 15.0.27130.2027
MinimumVisualStudioVersion = 10.0.40219.1
Project("{FAE04EC0-301F-11D3-BF4B-00C04F79EFBC}") = "IEnumerable_Simple", "IEnumerable_Simple\IEnumerable_Simple.csproj", "{312A7A95-CAE2-4503-A72A-2FCC8A74B504}"
EndProject
Project("{FAE04EC0-301F-11D3-BF4B-00C04F79EFBC}") = "IEnumerable_List", "IEnumerable_List\IEnumerable_List.csproj", "{3447C8C5-AFE6-49FA-B500-FB299184AF65}"
EndProject
Global
	GlobalSection(SolutionConfigurationPlatforms) = preSolution
		Debug|Any CPU = Debug|Any CPU
		Release|Any CPU = Release|Any CPU
	EndGlobalSection
	GlobalSection(ProjectConfigurationPlatforms) = postSolution
		{312A7A95-CAE2-4503-A72A-2FCC8A74B504}.Debug|Any CPU.ActiveCfg = Debug|Any CPU
		{312A7A95-CAE2-4503-A72A-2FCC8A74B504}.Debug|Any CPU.Build.0 = Debug|Any CPU
		{312A7A95-CAE2-4503-A72A-2FCC8A74B504}.Release|Any CPU.ActiveCfg = Release|Any CPU
		{312A7A95-CAE2-4503-A72A-2FCC8A74B504}.Release|Any CPU.Build.0 = Release|Any CPU
		{3447C8C5-AFE6-49FA-B500-FB299184AF65}.Debug|Any CPU.ActiveCfg = Debug|Any CPU
		{3447C8C5-AFE6-49FA-B500-FB299184AF65}.Debug|Any CPU.Build.0 = Debug|Any CPU
		{3447C8C5-AFE6-49FA-B500-FB299184AF65}.Release|Any CPU.ActiveCfg = Release|Any CPU
		{3447C8C5-AFE6-49FA-B500-FB299184AF65}.Release|Any CPU.Build.0 = Release|Any CPU
	EndGlobalSection
	GlobalSection(SolutionProperties) = preSolution
		HideSolutionNode = FALSE
	EndGlobalSection
	GlobalSection(ExtensibilityGlobals) = postSolution
		SolutionGuid = {F7A3AFA5-301C-4BE3-A517-DE5CC315E687}
	EndGlobalSection
EndGlobal
