
Microsoft Visual Studio Solution File, Format Version 12.00
# Visual Studio 15
VisualStudioVersion = 15.0.27130.2027
MinimumVisualStudioVersion = 10.0.40219.1
Project("{FAE04EC0-301F-11D3-BF4B-00C04F79EFBC}") = "01.ArrayManipulator", "01.ArrayManipulator\01.ArrayManipulator.csproj", "{A14548D0-92C9-47BA-BC9B-A08A8BE4CE41}"
EndProject
Global
	GlobalSection(SolutionConfigurationPlatforms) = preSolution
		Debug|Any CPU = Debug|Any CPU
		Release|Any CPU = Release|Any CPU
	EndGlobalSection
	GlobalSection(ProjectConfigurationPlatforms) = postSolution
		{A14548D0-92C9-47BA-BC9B-A08A8BE4CE41}.Debug|Any CPU.ActiveCfg = Debug|Any CPU
		{A14548D0-92C9-47BA-BC9B-A08A8BE4CE41}.Debug|Any CPU.Build.0 = Debug|Any CPU
		{A14548D0-92C9-47BA-BC9B-A08A8BE4CE41}.Release|Any CPU.ActiveCfg = Release|Any CPU
		{A14548D0-92C9-47BA-BC9B-A08A8BE4CE41}.Release|Any CPU.Build.0 = Release|Any CPU
	EndGlobalSection
	GlobalSection(SolutionProperties) = preSolution
		HideSolutionNode = FALSE
	EndGlobalSection
	GlobalSection(ExtensibilityGlobals) = postSolution
		SolutionGuid = {34F48F3C-67BE-4613-880E-5A4C3EAED28D}
	EndGlobalSection
EndGlobal
