
Microsoft Visual Studio Solution File, Format Version 12.00
# Visual Studio 15
VisualStudioVersion = 15.0.27130.2027
MinimumVisualStudioVersion = 10.0.40219.1
Project("{9A19103F-16F7-4668-BE54-9A1E7A4F7556}") = "01.DefineAClassPerson", "01.DefineAClassPerson\01.DefineAClassPerson.csproj", "{9F2A7939-92EF-4709-B424-5FA2570EA60B}"
EndProject
Project("{9A19103F-16F7-4668-BE54-9A1E7A4F7556}") = "01.DefineAClassPerson_2", "01.DefineAClassPerson_2\01.DefineAClassPerson_2.csproj", "{CCDECC2D-4168-4DAA-B870-E5887858E2A7}"
EndProject
Project("{9A19103F-16F7-4668-BE54-9A1E7A4F7556}") = "11.PokemonTrainer", "11.PokemonTrainer\11.PokemonTrainer.csproj", "{D270F987-E673-4FED-A531-929AA6210AEC}"
EndProject
Project("{9A19103F-16F7-4668-BE54-9A1E7A4F7556}") = "04.OpinionPoll", "04.OpinionPoll\04.OpinionPoll.csproj", "{9861D366-E129-4021-B13E-92EDB3FB737D}"
EndProject
Project("{9A19103F-16F7-4668-BE54-9A1E7A4F7556}") = "04.OpinionPoll_2", "04.OpinionPoll_2\04.OpinionPoll_2.csproj", "{090FBE1C-A229-4568-BEE0-75C108C65937}"
EndProject
Project("{9A19103F-16F7-4668-BE54-9A1E7A4F7556}") = "11.PokemonTrainer_2", "11.PokemonTrainer_2\11.PokemonTrainer_2.csproj", "{EDFC8EE4-B157-4E74-AB8A-50A1E20D6B1E}"
EndProject
Project("{9A19103F-16F7-4668-BE54-9A1E7A4F7556}") = "13.FamilyTree", "13.FamilyTree\13.FamilyTree.csproj", "{0C7C2D70-7B44-4D41-BF65-AFC05083F1AD}"
EndProject
Project("{9A19103F-16F7-4668-BE54-9A1E7A4F7556}") = "07.SpeedRacing", "07.SpeedRacing\07.SpeedRacing.csproj", "{F36E5482-F734-4F0B-A07E-71AFC65EA144}"
EndProject
Project("{9A19103F-16F7-4668-BE54-9A1E7A4F7556}") = "06.CompanyRoster", "06.CompanyRoster\06.CompanyRoster.csproj", "{38EA889F-3D22-4932-9E80-7C9A3A6DAD47}"
EndProject
Project("{9A19103F-16F7-4668-BE54-9A1E7A4F7556}") = "02.CreatingConstructors", "02.CreatingConstructors\02.CreatingConstructors.csproj", "{D3F9B3F7-2D99-416D-B43B-8CA51F428299}"
EndProject
Project("{9A19103F-16F7-4668-BE54-9A1E7A4F7556}") = "08.RawData", "08.RawData\08.RawData.csproj", "{480555A7-A4BE-4E0E-9D7E-822980E522FA}"
EndProject
Project("{9A19103F-16F7-4668-BE54-9A1E7A4F7556}") = "03.OldestFamilyMember", "03.OldestFamilyMember\03.OldestFamilyMember.csproj", "{EDED0A05-ECB3-40DB-954B-D4BB0E1999A6}"
EndProject
Project("{9A19103F-16F7-4668-BE54-9A1E7A4F7556}") = "05.DateModifier", "05.DateModifier\05.DateModifier.csproj", "{D61A169E-7AC0-4445-A09F-7CD495E13E23}"
EndProject
Project("{9A19103F-16F7-4668-BE54-9A1E7A4F7556}") = "09.RectangleIntersection", "09.RectangleIntersection\09.RectangleIntersection.csproj", "{CDAFB036-8E52-4DB5-8ABE-1FF2AF5623F0}"
EndProject
Project("{9A19103F-16F7-4668-BE54-9A1E7A4F7556}") = "10.CarSalesman", "10.CarSalesman\10.CarSalesman.csproj", "{5E57F03F-F55E-4531-B6CE-BCFB85CE2116}"
EndProject
Project("{FAE04EC0-301F-11D3-BF4B-00C04F79EFBC}") = "12.Google", "12.Google\12.Google.csproj", "{34ADA20A-C95D-4B03-B5DA-2E9B6DE95564}"
EndProject
Project("{9A19103F-16F7-4668-BE54-9A1E7A4F7556}") = "03.OldestFamilyMember_2", "03.OldestFamilyMember_2\03.OldestFamilyMember_2.csproj", "{865920F3-B3DE-4B55-B175-334CB866054A}"
EndProject
Project("{FAE04EC0-301F-11D3-BF4B-00C04F79EFBC}") = "03.OldestFamilyMember_3", "03.OldestFamilyMember_3\03.OldestFamilyMember_3.csproj", "{18D09583-9943-4B80-A1BF-57F19108BCAC}"
EndProject
Global
	GlobalSection(SolutionConfigurationPlatforms) = preSolution
		Debug|Any CPU = Debug|Any CPU
		Release|Any CPU = Release|Any CPU
	EndGlobalSection
	GlobalSection(ProjectConfigurationPlatforms) = postSolution
		{9F2A7939-92EF-4709-B424-5FA2570EA60B}.Debug|Any CPU.ActiveCfg = Debug|Any CPU
		{9F2A7939-92EF-4709-B424-5FA2570EA60B}.Debug|Any CPU.Build.0 = Debug|Any CPU
		{9F2A7939-92EF-4709-B424-5FA2570EA60B}.Release|Any CPU.ActiveCfg = Release|Any CPU
		{9F2A7939-92EF-4709-B424-5FA2570EA60B}.Release|Any CPU.Build.0 = Release|Any CPU
		{CCDECC2D-4168-4DAA-B870-E5887858E2A7}.Debug|Any CPU.ActiveCfg = Debug|Any CPU
		{CCDECC2D-4168-4DAA-B870-E5887858E2A7}.Debug|Any CPU.Build.0 = Debug|Any CPU
		{CCDECC2D-4168-4DAA-B870-E5887858E2A7}.Release|Any CPU.ActiveCfg = Release|Any CPU
		{CCDECC2D-4168-4DAA-B870-E5887858E2A7}.Release|Any CPU.Build.0 = Release|Any CPU
		{D270F987-E673-4FED-A531-929AA6210AEC}.Debug|Any CPU.ActiveCfg = Debug|Any CPU
		{D270F987-E673-4FED-A531-929AA6210AEC}.Debug|Any CPU.Build.0 = Debug|Any CPU
		{D270F987-E673-4FED-A531-929AA6210AEC}.Release|Any CPU.ActiveCfg = Release|Any CPU
		{D270F987-E673-4FED-A531-929AA6210AEC}.Release|Any CPU.Build.0 = Release|Any CPU
		{9861D366-E129-4021-B13E-92EDB3FB737D}.Debug|Any CPU.ActiveCfg = Debug|Any CPU
		{9861D366-E129-4021-B13E-92EDB3FB737D}.Debug|Any CPU.Build.0 = Debug|Any CPU
		{9861D366-E129-4021-B13E-92EDB3FB737D}.Release|Any CPU.ActiveCfg = Release|Any CPU
		{9861D366-E129-4021-B13E-92EDB3FB737D}.Release|Any CPU.Build.0 = Release|Any CPU
		{090FBE1C-A229-4568-BEE0-75C108C65937}.Debug|Any CPU.ActiveCfg = Debug|Any CPU
		{090FBE1C-A229-4568-BEE0-75C108C65937}.Debug|Any CPU.Build.0 = Debug|Any CPU
		{090FBE1C-A229-4568-BEE0-75C108C65937}.Release|Any CPU.ActiveCfg = Release|Any CPU
		{090FBE1C-A229-4568-BEE0-75C108C65937}.Release|Any CPU.Build.0 = Release|Any CPU
		{EDFC8EE4-B157-4E74-AB8A-50A1E20D6B1E}.Debug|Any CPU.ActiveCfg = Debug|Any CPU
		{EDFC8EE4-B157-4E74-AB8A-50A1E20D6B1E}.Debug|Any CPU.Build.0 = Debug|Any CPU
		{EDFC8EE4-B157-4E74-AB8A-50A1E20D6B1E}.Release|Any CPU.ActiveCfg = Release|Any CPU
		{EDFC8EE4-B157-4E74-AB8A-50A1E20D6B1E}.Release|Any CPU.Build.0 = Release|Any CPU
		{0C7C2D70-7B44-4D41-BF65-AFC05083F1AD}.Debug|Any CPU.ActiveCfg = Debug|Any CPU
		{0C7C2D70-7B44-4D41-BF65-AFC05083F1AD}.Debug|Any CPU.Build.0 = Debug|Any CPU
		{0C7C2D70-7B44-4D41-BF65-AFC05083F1AD}.Release|Any CPU.ActiveCfg = Release|Any CPU
		{0C7C2D70-7B44-4D41-BF65-AFC05083F1AD}.Release|Any CPU.Build.0 = Release|Any CPU
		{F36E5482-F734-4F0B-A07E-71AFC65EA144}.Debug|Any CPU.ActiveCfg = Debug|Any CPU
		{F36E5482-F734-4F0B-A07E-71AFC65EA144}.Debug|Any CPU.Build.0 = Debug|Any CPU
		{F36E5482-F734-4F0B-A07E-71AFC65EA144}.Release|Any CPU.ActiveCfg = Release|Any CPU
		{F36E5482-F734-4F0B-A07E-71AFC65EA144}.Release|Any CPU.Build.0 = Release|Any CPU
		{38EA889F-3D22-4932-9E80-7C9A3A6DAD47}.Debug|Any CPU.ActiveCfg = Debug|Any CPU
		{38EA889F-3D22-4932-9E80-7C9A3A6DAD47}.Debug|Any CPU.Build.0 = Debug|Any CPU
		{38EA889F-3D22-4932-9E80-7C9A3A6DAD47}.Release|Any CPU.ActiveCfg = Release|Any CPU
		{38EA889F-3D22-4932-9E80-7C9A3A6DAD47}.Release|Any CPU.Build.0 = Release|Any CPU
		{D3F9B3F7-2D99-416D-B43B-8CA51F428299}.Debug|Any CPU.ActiveCfg = Debug|Any CPU
		{D3F9B3F7-2D99-416D-B43B-8CA51F428299}.Debug|Any CPU.Build.0 = Debug|Any CPU
		{D3F9B3F7-2D99-416D-B43B-8CA51F428299}.Release|Any CPU.ActiveCfg = Release|Any CPU
		{D3F9B3F7-2D99-416D-B43B-8CA51F428299}.Release|Any CPU.Build.0 = Release|Any CPU
		{480555A7-A4BE-4E0E-9D7E-822980E522FA}.Debug|Any CPU.ActiveCfg = Debug|Any CPU
		{480555A7-A4BE-4E0E-9D7E-822980E522FA}.Debug|Any CPU.Build.0 = Debug|Any CPU
		{480555A7-A4BE-4E0E-9D7E-822980E522FA}.Release|Any CPU.ActiveCfg = Release|Any CPU
		{480555A7-A4BE-4E0E-9D7E-822980E522FA}.Release|Any CPU.Build.0 = Release|Any CPU
		{EDED0A05-ECB3-40DB-954B-D4BB0E1999A6}.Debug|Any CPU.ActiveCfg = Debug|Any CPU
		{EDED0A05-ECB3-40DB-954B-D4BB0E1999A6}.Debug|Any CPU.Build.0 = Debug|Any CPU
		{EDED0A05-ECB3-40DB-954B-D4BB0E1999A6}.Release|Any CPU.ActiveCfg = Release|Any CPU
		{EDED0A05-ECB3-40DB-954B-D4BB0E1999A6}.Release|Any CPU.Build.0 = Release|Any CPU
		{D61A169E-7AC0-4445-A09F-7CD495E13E23}.Debug|Any CPU.ActiveCfg = Debug|Any CPU
		{D61A169E-7AC0-4445-A09F-7CD495E13E23}.Debug|Any CPU.Build.0 = Debug|Any CPU
		{D61A169E-7AC0-4445-A09F-7CD495E13E23}.Release|Any CPU.ActiveCfg = Release|Any CPU
		{D61A169E-7AC0-4445-A09F-7CD495E13E23}.Release|Any CPU.Build.0 = Release|Any CPU
		{CDAFB036-8E52-4DB5-8ABE-1FF2AF5623F0}.Debug|Any CPU.ActiveCfg = Debug|Any CPU
		{CDAFB036-8E52-4DB5-8ABE-1FF2AF5623F0}.Debug|Any CPU.Build.0 = Debug|Any CPU
		{CDAFB036-8E52-4DB5-8ABE-1FF2AF5623F0}.Release|Any CPU.ActiveCfg = Release|Any CPU
		{CDAFB036-8E52-4DB5-8ABE-1FF2AF5623F0}.Release|Any CPU.Build.0 = Release|Any CPU
		{5E57F03F-F55E-4531-B6CE-BCFB85CE2116}.Debug|Any CPU.ActiveCfg = Debug|Any CPU
		{5E57F03F-F55E-4531-B6CE-BCFB85CE2116}.Debug|Any CPU.Build.0 = Debug|Any CPU
		{5E57F03F-F55E-4531-B6CE-BCFB85CE2116}.Release|Any CPU.ActiveCfg = Release|Any CPU
		{5E57F03F-F55E-4531-B6CE-BCFB85CE2116}.Release|Any CPU.Build.0 = Release|Any CPU
		{34ADA20A-C95D-4B03-B5DA-2E9B6DE95564}.Debug|Any CPU.ActiveCfg = Debug|Any CPU
		{34ADA20A-C95D-4B03-B5DA-2E9B6DE95564}.Debug|Any CPU.Build.0 = Debug|Any CPU
		{34ADA20A-C95D-4B03-B5DA-2E9B6DE95564}.Release|Any CPU.ActiveCfg = Release|Any CPU
		{34ADA20A-C95D-4B03-B5DA-2E9B6DE95564}.Release|Any CPU.Build.0 = Release|Any CPU
		{865920F3-B3DE-4B55-B175-334CB866054A}.Debug|Any CPU.ActiveCfg = Debug|Any CPU
		{865920F3-B3DE-4B55-B175-334CB866054A}.Debug|Any CPU.Build.0 = Debug|Any CPU
		{865920F3-B3DE-4B55-B175-334CB866054A}.Release|Any CPU.ActiveCfg = Release|Any CPU
		{865920F3-B3DE-4B55-B175-334CB866054A}.Release|Any CPU.Build.0 = Release|Any CPU
		{18D09583-9943-4B80-A1BF-57F19108BCAC}.Debug|Any CPU.ActiveCfg = Debug|Any CPU
		{18D09583-9943-4B80-A1BF-57F19108BCAC}.Debug|Any CPU.Build.0 = Debug|Any CPU
		{18D09583-9943-4B80-A1BF-57F19108BCAC}.Release|Any CPU.ActiveCfg = Release|Any CPU
		{18D09583-9943-4B80-A1BF-57F19108BCAC}.Release|Any CPU.Build.0 = Release|Any CPU
	EndGlobalSection
	GlobalSection(SolutionProperties) = preSolution
		HideSolutionNode = FALSE
	EndGlobalSection
	GlobalSection(ExtensibilityGlobals) = postSolution
		SolutionGuid = {E1D79CFB-6E57-404C-898A-EEC57C174876}
	EndGlobalSection
EndGlobal
