
Microsoft Visual Studio Solution File, Format Version 12.00
# Visual Studio 15
VisualStudioVersion = 15.0.27130.2027
MinimumVisualStudioVersion = 10.0.40219.1
Project("{9A19103F-16F7-4668-BE54-9A1E7A4F7556}") = "01.BankAccount", "01.BankAccount\01.BankAccount.csproj", "{1D10BAC3-010D-4276-ADA8-32454A71852F}"
EndProject
Project("{9A19103F-16F7-4668-BE54-9A1E7A4F7556}") = "02.BankAccountMethods", "02.BankAccountMethods\02.BankAccountMethods.csproj", "{58B771C4-FCFB-4A0F-99A9-B70360D404BF}"
EndProject
Project("{9A19103F-16F7-4668-BE54-9A1E7A4F7556}") = "03.TestClient", "03.TestClient\03.TestClient.csproj", "{D6707497-64CE-4891-BCC9-3613CE40AF63}"
EndProject
Project("{FAE04EC0-301F-11D3-BF4B-00C04F79EFBC}") = "03.TestClient_2", "03.TestClient_2\03.TestClient_2.csproj", "{16183FE2-6C10-481B-8253-A9A2D692FF6C}"
EndProject
Project("{FAE04EC0-301F-11D3-BF4B-00C04F79EFBC}") = "04.PersonClass", "04.PersonClass\04.PersonClass.csproj", "{D90FF075-BBF8-4116-A62D-DC8BA25C224C}"
EndProject
Project("{FAE04EC0-301F-11D3-BF4B-00C04F79EFBC}") = "04.PersonClass_2", "04.PersonClass_2\04.PersonClass_2.csproj", "{6FC06432-DC2D-44E5-9D04-A6A91CD2D0B3}"
EndProject
Project("{FAE04EC0-301F-11D3-BF4B-00C04F79EFBC}") = "04.PersonClass_3", "04.PersonClass_3\04.PersonClass_3.csproj", "{25B7AD6C-76BD-4C66-AE08-82C8622A385A}"
EndProject
Global
	GlobalSection(SolutionConfigurationPlatforms) = preSolution
		Debug|Any CPU = Debug|Any CPU
		Release|Any CPU = Release|Any CPU
	EndGlobalSection
	GlobalSection(ProjectConfigurationPlatforms) = postSolution
		{1D10BAC3-010D-4276-ADA8-32454A71852F}.Debug|Any CPU.ActiveCfg = Debug|Any CPU
		{1D10BAC3-010D-4276-ADA8-32454A71852F}.Debug|Any CPU.Build.0 = Debug|Any CPU
		{1D10BAC3-010D-4276-ADA8-32454A71852F}.Release|Any CPU.ActiveCfg = Release|Any CPU
		{1D10BAC3-010D-4276-ADA8-32454A71852F}.Release|Any CPU.Build.0 = Release|Any CPU
		{58B771C4-FCFB-4A0F-99A9-B70360D404BF}.Debug|Any CPU.ActiveCfg = Debug|Any CPU
		{58B771C4-FCFB-4A0F-99A9-B70360D404BF}.Debug|Any CPU.Build.0 = Debug|Any CPU
		{58B771C4-FCFB-4A0F-99A9-B70360D404BF}.Release|Any CPU.ActiveCfg = Release|Any CPU
		{58B771C4-FCFB-4A0F-99A9-B70360D404BF}.Release|Any CPU.Build.0 = Release|Any CPU
		{D6707497-64CE-4891-BCC9-3613CE40AF63}.Debug|Any CPU.ActiveCfg = Debug|Any CPU
		{D6707497-64CE-4891-BCC9-3613CE40AF63}.Debug|Any CPU.Build.0 = Debug|Any CPU
		{D6707497-64CE-4891-BCC9-3613CE40AF63}.Release|Any CPU.ActiveCfg = Release|Any CPU
		{D6707497-64CE-4891-BCC9-3613CE40AF63}.Release|Any CPU.Build.0 = Release|Any CPU
		{16183FE2-6C10-481B-8253-A9A2D692FF6C}.Debug|Any CPU.ActiveCfg = Debug|Any CPU
		{16183FE2-6C10-481B-8253-A9A2D692FF6C}.Debug|Any CPU.Build.0 = Debug|Any CPU
		{16183FE2-6C10-481B-8253-A9A2D692FF6C}.Release|Any CPU.ActiveCfg = Release|Any CPU
		{16183FE2-6C10-481B-8253-A9A2D692FF6C}.Release|Any CPU.Build.0 = Release|Any CPU
		{D90FF075-BBF8-4116-A62D-DC8BA25C224C}.Debug|Any CPU.ActiveCfg = Debug|Any CPU
		{D90FF075-BBF8-4116-A62D-DC8BA25C224C}.Debug|Any CPU.Build.0 = Debug|Any CPU
		{D90FF075-BBF8-4116-A62D-DC8BA25C224C}.Release|Any CPU.ActiveCfg = Release|Any CPU
		{D90FF075-BBF8-4116-A62D-DC8BA25C224C}.Release|Any CPU.Build.0 = Release|Any CPU
		{6FC06432-DC2D-44E5-9D04-A6A91CD2D0B3}.Debug|Any CPU.ActiveCfg = Debug|Any CPU
		{6FC06432-DC2D-44E5-9D04-A6A91CD2D0B3}.Debug|Any CPU.Build.0 = Debug|Any CPU
		{6FC06432-DC2D-44E5-9D04-A6A91CD2D0B3}.Release|Any CPU.ActiveCfg = Release|Any CPU
		{6FC06432-DC2D-44E5-9D04-A6A91CD2D0B3}.Release|Any CPU.Build.0 = Release|Any CPU
		{25B7AD6C-76BD-4C66-AE08-82C8622A385A}.Debug|Any CPU.ActiveCfg = Debug|Any CPU
		{25B7AD6C-76BD-4C66-AE08-82C8622A385A}.Debug|Any CPU.Build.0 = Debug|Any CPU
		{25B7AD6C-76BD-4C66-AE08-82C8622A385A}.Release|Any CPU.ActiveCfg = Release|Any CPU
		{25B7AD6C-76BD-4C66-AE08-82C8622A385A}.Release|Any CPU.Build.0 = Release|Any CPU
	EndGlobalSection
	GlobalSection(SolutionProperties) = preSolution
		HideSolutionNode = FALSE
	EndGlobalSection
	GlobalSection(ExtensibilityGlobals) = postSolution
		SolutionGuid = {8C0CDD70-7AA8-4EF6-AE69-7EB4C709975E}
	EndGlobalSection
EndGlobal
