
Microsoft Visual Studio Solution File, Format Version 12.00
# Visual Studio 15
VisualStudioVersion = 15.0.27130.2027
MinimumVisualStudioVersion = 10.0.40219.1
Project("{9A19103F-16F7-4668-BE54-9A1E7A4F7556}") = "01.DefinePersonClass", "01.DefinePersonClass\01.DefinePersonClass.csproj", "{324E8B36-D118-488B-BD5F-23C0032F33E0}"
EndProject
Project("{9A19103F-16F7-4668-BE54-9A1E7A4F7556}") = "02.CreatingConstructors", "02.CreatingConstructors\02.CreatingConstructors.csproj", "{A949FC4C-1FE7-4996-8945-C3B65DBDE1EC}"
EndProject
Project("{9A19103F-16F7-4668-BE54-9A1E7A4F7556}") = "04.OpinionPoll", "04.OpinionPoll\04.OpinionPoll.csproj", "{C19BF0B7-62D5-48FB-8B49-5F0B3FE556DB}"
EndProject
Project("{9A19103F-16F7-4668-BE54-9A1E7A4F7556}") = "03.OldestFamilyMember", "03.OldestFamilyMember\03.OldestFamilyMember.csproj", "{76C75307-B8B1-4693-992A-E3D06A1AF398}"
EndProject
Project("{9A19103F-16F7-4668-BE54-9A1E7A4F7556}") = "03.OldestFamilyMember_3", "03.OldestFamilyMember_3\03.OldestFamilyMember_3.csproj", "{845BB937-08FA-4CA9-A6F8-229BEFFF4635}"
EndProject
Project("{FAE04EC0-301F-11D3-BF4B-00C04F79EFBC}") = "03.OldestFamilyMember_2", "03.OldestFamilyMember_2\03.OldestFamilyMember_2.csproj", "{CFBFE45B-7122-4A52-B26D-ED1D92E6FA6D}"
EndProject
Project("{FAE04EC0-301F-11D3-BF4B-00C04F79EFBC}") = "04.OpinionPoll_2", "04.OpinionPoll_2\04.OpinionPoll_2.csproj", "{018F5957-8EA6-4EAE-9497-60C3B14E5F3F}"
EndProject
Global
	GlobalSection(SolutionConfigurationPlatforms) = preSolution
		Debug|Any CPU = Debug|Any CPU
		Release|Any CPU = Release|Any CPU
	EndGlobalSection
	GlobalSection(ProjectConfigurationPlatforms) = postSolution
		{324E8B36-D118-488B-BD5F-23C0032F33E0}.Debug|Any CPU.ActiveCfg = Debug|Any CPU
		{324E8B36-D118-488B-BD5F-23C0032F33E0}.Debug|Any CPU.Build.0 = Debug|Any CPU
		{324E8B36-D118-488B-BD5F-23C0032F33E0}.Release|Any CPU.ActiveCfg = Release|Any CPU
		{324E8B36-D118-488B-BD5F-23C0032F33E0}.Release|Any CPU.Build.0 = Release|Any CPU
		{A949FC4C-1FE7-4996-8945-C3B65DBDE1EC}.Debug|Any CPU.ActiveCfg = Debug|Any CPU
		{A949FC4C-1FE7-4996-8945-C3B65DBDE1EC}.Debug|Any CPU.Build.0 = Debug|Any CPU
		{A949FC4C-1FE7-4996-8945-C3B65DBDE1EC}.Release|Any CPU.ActiveCfg = Release|Any CPU
		{A949FC4C-1FE7-4996-8945-C3B65DBDE1EC}.Release|Any CPU.Build.0 = Release|Any CPU
		{C19BF0B7-62D5-48FB-8B49-5F0B3FE556DB}.Debug|Any CPU.ActiveCfg = Debug|Any CPU
		{C19BF0B7-62D5-48FB-8B49-5F0B3FE556DB}.Debug|Any CPU.Build.0 = Debug|Any CPU
		{C19BF0B7-62D5-48FB-8B49-5F0B3FE556DB}.Release|Any CPU.ActiveCfg = Release|Any CPU
		{C19BF0B7-62D5-48FB-8B49-5F0B3FE556DB}.Release|Any CPU.Build.0 = Release|Any CPU
		{76C75307-B8B1-4693-992A-E3D06A1AF398}.Debug|Any CPU.ActiveCfg = Debug|Any CPU
		{76C75307-B8B1-4693-992A-E3D06A1AF398}.Debug|Any CPU.Build.0 = Debug|Any CPU
		{76C75307-B8B1-4693-992A-E3D06A1AF398}.Release|Any CPU.ActiveCfg = Release|Any CPU
		{76C75307-B8B1-4693-992A-E3D06A1AF398}.Release|Any CPU.Build.0 = Release|Any CPU
		{845BB937-08FA-4CA9-A6F8-229BEFFF4635}.Debug|Any CPU.ActiveCfg = Debug|Any CPU
		{845BB937-08FA-4CA9-A6F8-229BEFFF4635}.Debug|Any CPU.Build.0 = Debug|Any CPU
		{845BB937-08FA-4CA9-A6F8-229BEFFF4635}.Release|Any CPU.ActiveCfg = Release|Any CPU
		{845BB937-08FA-4CA9-A6F8-229BEFFF4635}.Release|Any CPU.Build.0 = Release|Any CPU
		{CFBFE45B-7122-4A52-B26D-ED1D92E6FA6D}.Debug|Any CPU.ActiveCfg = Debug|Any CPU
		{CFBFE45B-7122-4A52-B26D-ED1D92E6FA6D}.Debug|Any CPU.Build.0 = Debug|Any CPU
		{CFBFE45B-7122-4A52-B26D-ED1D92E6FA6D}.Release|Any CPU.ActiveCfg = Release|Any CPU
		{CFBFE45B-7122-4A52-B26D-ED1D92E6FA6D}.Release|Any CPU.Build.0 = Release|Any CPU
		{018F5957-8EA6-4EAE-9497-60C3B14E5F3F}.Debug|Any CPU.ActiveCfg = Debug|Any CPU
		{018F5957-8EA6-4EAE-9497-60C3B14E5F3F}.Debug|Any CPU.Build.0 = Debug|Any CPU
		{018F5957-8EA6-4EAE-9497-60C3B14E5F3F}.Release|Any CPU.ActiveCfg = Release|Any CPU
		{018F5957-8EA6-4EAE-9497-60C3B14E5F3F}.Release|Any CPU.Build.0 = Release|Any CPU
	EndGlobalSection
	GlobalSection(SolutionProperties) = preSolution
		HideSolutionNode = FALSE
	EndGlobalSection
	GlobalSection(ExtensibilityGlobals) = postSolution
		SolutionGuid = {970E6B02-A016-4E74-B902-3B9EC79634A4}
	EndGlobalSection
EndGlobal
