
Microsoft Visual Studio Solution File, Format Version 12.00
# Visual Studio 15
VisualStudioVersion = 15.0.27130.2027
MinimumVisualStudioVersion = 10.0.40219.1
Project("{FAE04EC0-301F-11D3-BF4B-00C04F79EFBC}") = "01.SingleInheritance", "01.SingleInheritance\01.SingleInheritance.csproj", "{ED2333CA-1652-45CC-B635-1FF9D0A5CC8B}"
EndProject
Project("{FAE04EC0-301F-11D3-BF4B-00C04F79EFBC}") = "02.MultipleInheritance", "02.MultipleInheritance\02.MultipleInheritance.csproj", "{C6132D7A-19AA-448D-B44D-F75296DE250F}"
EndProject
Project("{FAE04EC0-301F-11D3-BF4B-00C04F79EFBC}") = "03.Hierarchical_Inheritance", "03.Hierarchical_Inheritance\03.Hierarchical_Inheritance.csproj", "{82EB4037-E729-456F-BFA7-BC9E52171E5A}"
EndProject
Global
	GlobalSection(SolutionConfigurationPlatforms) = preSolution
		Debug|Any CPU = Debug|Any CPU
		Release|Any CPU = Release|Any CPU
	EndGlobalSection
	GlobalSection(ProjectConfigurationPlatforms) = postSolution
		{ED2333CA-1652-45CC-B635-1FF9D0A5CC8B}.Debug|Any CPU.ActiveCfg = Debug|Any CPU
		{ED2333CA-1652-45CC-B635-1FF9D0A5CC8B}.Debug|Any CPU.Build.0 = Debug|Any CPU
		{ED2333CA-1652-45CC-B635-1FF9D0A5CC8B}.Release|Any CPU.ActiveCfg = Release|Any CPU
		{ED2333CA-1652-45CC-B635-1FF9D0A5CC8B}.Release|Any CPU.Build.0 = Release|Any CPU
		{C6132D7A-19AA-448D-B44D-F75296DE250F}.Debug|Any CPU.ActiveCfg = Debug|Any CPU
		{C6132D7A-19AA-448D-B44D-F75296DE250F}.Debug|Any CPU.Build.0 = Debug|Any CPU
		{C6132D7A-19AA-448D-B44D-F75296DE250F}.Release|Any CPU.ActiveCfg = Release|Any CPU
		{C6132D7A-19AA-448D-B44D-F75296DE250F}.Release|Any CPU.Build.0 = Release|Any CPU
		{82EB4037-E729-456F-BFA7-BC9E52171E5A}.Debug|Any CPU.ActiveCfg = Debug|Any CPU
		{82EB4037-E729-456F-BFA7-BC9E52171E5A}.Debug|Any CPU.Build.0 = Debug|Any CPU
		{82EB4037-E729-456F-BFA7-BC9E52171E5A}.Release|Any CPU.ActiveCfg = Release|Any CPU
		{82EB4037-E729-456F-BFA7-BC9E52171E5A}.Release|Any CPU.Build.0 = Release|Any CPU
	EndGlobalSection
	GlobalSection(SolutionProperties) = preSolution
		HideSolutionNode = FALSE
	EndGlobalSection
	GlobalSection(ExtensibilityGlobals) = postSolution
		SolutionGuid = {F5F5C210-08D5-4BD4-8BF8-7C1681EB484D}
	EndGlobalSection
EndGlobal
